PODS:
  - Alamofire (4.7.3)
  - AlamofireImage (3.3.1):
    - Alamofire (~> 4.5)
  - AlamofireNetworkActivityIndicator (2.2.1):
    - Alamofire (~> 4.7)
  - ALCameraViewController (3.0.3)
  - HGPlaceholders (0.3.0)
  - Nimble (7.2.0)
  - NVActivityIndicatorView (4.3.0):
    - NVActivityIndicatorView/Presenter (= 4.3.0)
  - NVActivityIndicatorView/Presenter (4.3.0)
  - Quick (1.3.1)
  - Realm (3.7.6):
    - Realm/Headers (= 3.7.6)
  - Realm/Headers (3.7.6)
  - RealmSwift (3.7.6):
    - Realm (= 3.7.6)
  - RxCocoa (4.2.0):
    - RxSwift (~> 4.0)
  - RxSwift (4.2.0)
  - SimpleImageViewer (1.1.1)
  - SnapKit (4.0.0)
  - SwiftMessages (5.0.1):
    - SwiftMessages/App (= 5.0.1)
  - SwiftMessages/App (5.0.1)

DEPENDENCIES:
  - AlamofireImage
  - AlamofireNetworkActivityIndicator
  - ALCameraViewController
  - HGPlaceholders
  - Nimble
  - NVActivityIndicatorView
  - Quick
  - RealmSwift
  - RxCocoa (~> 4.0)
  - RxSwift (~> 4.0)
  - SimpleImageViewer (~> 1.1.1)
  - SnapKit (~> 4.0.0)
  - SwiftMessages

SPEC REPOS:
  https://github.com/cocoapods/specs.git:
    - Alamofire
    - AlamofireImage
    - AlamofireNetworkActivityIndicator
    - ALCameraViewController
    - HGPlaceholders
    - Nimble
    - NVActivityIndicatorView
    - Quick
    - Realm
    - RealmSwift
    - RxCocoa
    - RxSwift
    - SimpleImageViewer
    - SnapKit
    - SwiftMessages

SPEC CHECKSUMS:
  Alamofire: c7287b6e5d7da964a70935e5db17046b7fde6568
  AlamofireImage: 3b35b586853abaf94ca1250f4e94cff3c21a4c0d
  AlamofireNetworkActivityIndicator: aeac50e6ecb78ec71a5f1f29098bcf4ec2962910
  ALCameraViewController: 6398a9282057f709b87a1ecc52a83b48028ade64
  HGPlaceholders: 2df01c51b04a30acd0b8c9c7161c7cdde4541109
  Nimble: fa2913b0e14dafef970357f67d152ab4f7c4f457
  NVActivityIndicatorView: 963f62bf9f993fcf23218e55958e5b1761b9504c
  Quick: d17304d58d0d169dd0bd1c6e5c28e3318de32a1a
  Realm: 9eaecad54712d6246d08ba34c10f354e4715d7d3
  RealmSwift: 1fe08b4ebaeeaacf17f9ba0343f7b25c9fc31fa6
  RxCocoa: 0b54909c902e1e581212a03e690bbd94032d8baa
  RxSwift: 99e10317ddfcc7fbe01356aafd118fde4a0be104
  SimpleImageViewer: 34c3a2cde2d9ac022146772cefc27fca14b0c8b1
  SnapKit: a42d492c16e80209130a3379f73596c3454b7694
  SwiftMessages: 32ce3cfc8388b41aae56ff4853cc752a20101147

PODFILE CHECKSUM: d9ff5a08b33d1633532a0bacd8745a9f3cc4a542

COCOAPODS: 1.5.2
